
Microsoft Visual Studio Solution File, Format Version 12.00
# Visual Studio 14
VisualStudioVersion = 14.0.25420.1
MinimumVisualStudioVersion = 10.0.40219.1
Project("{FAE04EC0-301F-11D3-BF4B-00C04F79EFBC}") = "spintel_utility", "spintel_utility\spintel_utility.csproj", "{C18B3531-D312-4BD6-BEE4-3BA60A2ACA27}"
EndProject
Project("{54435603-DBB4-11D2-8724-00A0C9A8B90C}") = "Setup1", "Setup1\Setup1.vdproj", "{00EFD9B9-17A1-4EF1-A6A7-161DFCBBA4B0}"
EndProject
Global
	GlobalSection(SolutionConfigurationPlatforms) = preSolution
		Debug|Any CPU = Debug|Any CPU
		Release|Any CPU = Release|Any CPU
	EndGlobalSection
	GlobalSection(ProjectConfigurationPlatforms) = postSolution
		{C18B3531-D312-4BD6-BEE4-3BA60A2ACA27}.Debug|Any CPU.ActiveCfg = Debug|Any CPU
		{C18B3531-D312-4BD6-BEE4-3BA60A2ACA27}.Debug|Any CPU.Build.0 = Debug|Any CPU
		{C18B3531-D312-4BD6-BEE4-3BA60A2ACA27}.Release|Any CPU.ActiveCfg = Release|Any CPU
		{C18B3531-D312-4BD6-BEE4-3BA60A2ACA27}.Release|Any CPU.Build.0 = Release|Any CPU
		{00EFD9B9-17A1-4EF1-A6A7-161DFCBBA4B0}.Debug|Any CPU.ActiveCfg = Debug
		{00EFD9B9-17A1-4EF1-A6A7-161DFCBBA4B0}.Release|Any CPU.ActiveCfg = Release
	EndGlobalSection
	GlobalSection(SolutionProperties) = preSolution
		HideSolutionNode = FALSE
	EndGlobalSection
EndGlobal
